// !$*UTF8*$!
{
	archiveVersion = 1;
	classes = {
	};
	objectVersion = 46;
	objects = {

/* Begin PBXBuildFile section */
		4426864419DA0FC3009F0892 /* Screen Shot 2014-09-29 at 3.06.06 PM.png in Resources */ = {isa = PBXBuildFile; fileRef = 4426864319DA0FC3009F0892 /* Screen Shot 2014-09-29 at 3.06.06 PM.png */; };
		44A213A919C2181A00E95C56 /* AppDelegate.swift in Sources */ = {isa = PBXBuildFile; fileRef = 44A213A819C2181A00E95C56 /* AppDelegate.swift */; };
		44A213AB19C2181A00E95C56 /* ViewController.swift in Sources */ = {isa = PBXBuildFile; fileRef = 44A213AA19C2181A00E95C56 /* ViewController.swift */; };
		44A213AE19C2181A00E95C56 /* Main.storyboard in Resources */ = {isa = PBXBuildFile; fileRef = 44A213AC19C2181A00E95C56 /* Main.storyboard */; };
		44A213B019C2181A00E95C56 /* Images.xcassets in Resources */ = {isa = PBXBuildFile; fileRef = 44A213AF19C2181A00E95C56 /* Images.xcassets */; };
		44A213BC19C2181A00E95C56 /* PostcardTests.swift in Sources */ = {isa = PBXBuildFile; fileRef = 44A213BB19C2181A00E95C56 /* PostcardTests.swift */; };
		44A213C619C2211000E95C56 /* IMG_8210_cropped.jpg in Resources */ = {isa = PBXBuildFile; fileRef = 44A213C519C2211000E95C56 /* IMG_8210_cropped.jpg */; };
/* End PBXBuildFile section */

/* Begin PBXContainerItemProxy section */
		44A213B619C2181A00E95C56 /* PBXContainerItemProxy */ = {
			isa = PBXContainerItemProxy;
			containerPortal = 44A2139B19C2181A00E95C56 /* Project object */;
			proxyType = 1;
			remoteGlobalIDString = 44A213A219C2181A00E95C56;
			remoteInfo = Postcard;
		};
/* End PBXContainerItemProxy section */

/* Begin PBXFileReference section */
		4426864319DA0FC3009F0892 /* Screen Shot 2014-09-29 at 3.06.06 PM.png */ = {isa = PBXFileReference; lastKnownFileType = image.png; path = "Screen Shot 2014-09-29 at 3.06.06 PM.png"; sourceTree = "<group>"; };
		44A213A319C2181A00E95C56 /* Postcard.app */ = {isa = PBXFileReference; explicitFileType = wrapper.application; includeInIndex = 0; path = Postcard.app; sourceTree = BUILT_PRODUCTS_DIR; };
		44A213A719C2181A00E95C56 /* Info.plist */ = {isa = PBXFileReference; lastKnownFileType = text.plist.xml; path = Info.plist; sourceTree = "<group>"; };
		44A213A819C2181A00E95C56 /* AppDelegate.swift */ = {isa = PBXFileReference; lastKnownFileType = sourcecode.swift; path = AppDelegate.swift; sourceTree = "<group>"; };
		44A213AA19C2181A00E95C56 /* ViewController.swift */ = {isa = PBXFileReference; lastKnownFileType = sourcecode.swift; path = ViewController.swift; sourceTree = "<group>"; };
		44A213AD19C2181A00E95C56 /* Base */ = {isa = PBXFileReference; lastKnownFileType = file.storyboard; name = Base; path = Base.lproj/Main.storyboard; sourceTree = "<group>"; };
		44A213AF19C2181A00E95C56 /* Images.xcassets */ = {isa = PBXFileReference; lastKnownFileType = folder.assetcatalog; path = Images.xcassets; sourceTree = "<group>"; };
		44A213B519C2181A00E95C56 /* PostcardTests.xctest */ = {isa = PBXFileReference; explicitFileType = wrapper.cfbundle; includeInIndex = 0; path = PostcardTests.xctest; sourceTree = BUILT_PRODUCTS_DIR; };
		44A213BA19C2181A00E95C56 /* Info.plist */ = {isa = PBXFileReference; lastKnownFileType = text.plist.xml; path = Info.plist; sourceTree = "<group>"; };
		44A213BB19C2181A00E95C56 /* PostcardTests.swift */ = {isa = PBXFileReference; lastKnownFileType = sourcecode.swift; path = PostcardTests.swift; sourceTree = "<group>"; };
		44A213C519C2211000E95C56 /* IMG_8210_cropped.jpg */ = {isa = PBXFileReference; lastKnownFileType = image.jpeg; path = IMG_8210_cropped.jpg; sourceTree = "<group>"; };
/* End PBXFileReference section */

/* Begin PBXFrameworksBuildPhase section */
		44A213A019C2181A00E95C56 /* Frameworks */ = {
			isa = PBXFrameworksBuildPhase;
			buildActionMask = 2147483647;
			files = (
			);
			runOnlyForDeploymentPostprocessing = 0;
		};
		44A213B219C2181A00E95C56 /* Frameworks */ = {
			isa = PBXFrameworksBuildPhase;
			buildActionMask = 2147483647;
			files = (
			);
			runOnlyForDeploymentPostprocessing = 0;
		};
/* End PBXFrameworksBuildPhase section */

/* Begin PBXGroup section */
		44A2139A19C2181A00E95C56 = {
			isa = PBXGroup;
			children = (
				44A213A519C2181A00E95C56 /* Postcard */,
				44A213B819C2181A00E95C56 /* PostcardTests */,
				44A213A419C2181A00E95C56 /* Products */,
			);
			sourceTree = "<group>";
		};
		44A213A419C2181A00E95C56 /* Products */ = {
			isa = PBXGroup;
			children = (
				44A213A319C2181A00E95C56 /* Postcard.app */,
				44A213B519C2181A00E95C56 /* PostcardTests.xctest */,
			);
			name = Products;
			sourceTree = "<group>";
		};
		44A213A519C2181A00E95C56 /* Postcard */ = {
			isa = PBXGroup;
			children = (
				44A213A819C2181A00E95C56 /* AppDelegate.swift */,
				44A213AA19C2181A00E95C56 /* ViewController.swift */,
				44A213AC19C2181A00E95C56 /* Main.storyboard */,
				44A213AF19C2181A00E95C56 /* Images.xcassets */,
				44A213A619C2181A00E95C56 /* Supporting Files */,
			);
			path = Postcard;
			sourceTree = "<group>";
		};
		44A213A619C2181A00E95C56 /* Supporting Files */ = {
			isa = PBXGroup;
			children = (
				4426864319DA0FC3009F0892 /* Screen Shot 2014-09-29 at 3.06.06 PM.png */,
				44A213C519C2211000E95C56 /* IMG_8210_cropped.jpg */,
				44A213A719C2181A00E95C56 /* Info.plist */,
			);
			name = "Supporting Files";
			sourceTree = "<group>";
		};
		44A213B819C2181A00E95C56 /* PostcardTests */ = {
			isa = PBXGroup;
			children = (
				44A213BB19C2181A00E95C56 /* PostcardTests.swift */,
				44A213B919C2181A00E95C56 /* Supporting Files */,
			);
			path = PostcardTests;
			sourceTree = "<group>";
		};
		44A213B919C2181A00E95C56 /* Supporting Files */ = {
			isa = PBXGroup;
			children = (
				44A213BA19C2181A00E95C56 /* Info.plist */,
			);
			name = "Supporting Files";
			sourceTree = "<group>";
		};
/* End PBXGroup section */

/* Begin PBXNativeTarget section */
		44A213A219C2181A00E95C56 /* Postcard */ = {
			isa = PBXNativeTarget;
			buildConfigurationList = 44A213BF19C2181B00E95C56 /* Build configuration list for PBXNativeTarget "Postcard" */;
			buildPhases = (
				44A2139F19C2181A00E95C56 /* Sources */,
				44A213A019C2181A00E95C56 /* Frameworks */,
				44A213A119C2181A00E95C56 /* Resources */,
			);
			buildRules = (
			);
			dependencies = (
			);
			name = Postcard;
			productName = Postcard;
			productReference = 44A213A319C2181A00E95C56 /* Postcard.app */;
			productType = "com.apple.product-type.application";
		};
		44A213B419C2181A00E95C56 /* PostcardTests */ = {
			isa = PBXNativeTarget;
			buildConfigurationList = 44A213C219C2181B00E95C56 /* Build configuration list for PBXNativeTarget "PostcardTests" */;
			buildPhases = (
				44A213B119C2181A00E95C56 /* Sources */,
				44A213B219C2181A00E95C56 /* Frameworks */,
				44A213B319C2181A00E95C56 /* Resources */,
			);
			buildRules = (
			);
			dependencies = (
				44A213B719C2181A00E95C56 /* PBXTargetDependency */,
			);
			name = PostcardTests;
			productName = PostcardTests;
			productReference = 44A213B519C2181A00E95C56 /* PostcardTests.xctest */;
			productType = "com.apple.product-type.bundle.unit-test";
		};
/* End PBXNativeTarget section */

/* Begin PBXProject section */
		44A2139B19C2181A00E95C56 /* Project object */ = {
			isa = PBXProject;
			attributes = {
				LastUpgradeCheck = 0600;
				TargetAttributes = {
					44A213A219C2181A00E95C56 = {
						CreatedOnToolsVersion = 6.0;
					};
					44A213B419C2181A00E95C56 = {
						CreatedOnToolsVersion = 6.0;
						TestTargetID = 44A213A219C2181A00E95C56;
					};
				};
			};
			buildConfigurationList = 44A2139E19C2181A00E95C56 /* Build configuration list for PBXProject "Postcard" */;
			compatibilityVersion = "Xcode 3.2";
			developmentRegion = English;
			hasScannedForEncodings = 0;
			knownRegions = (
				en,
				Base,
			);
			mainGroup = 44A2139A19C2181A00E95C56;
			productRefGroup = 44A213A419C2181A00E95C56 /* Products */;
			projectDirPath = "";
			projectRoot = "";
			targets = (
				44A213A219C2181A00E95C56 /* Postcard */,
				44A213B419C2181A00E95C56 /* PostcardTests */,
			);
		};
/* End PBXProject section */

/* Begin PBXResourcesBuildPhase section */
		44A213A119C2181A00E95C56 /* Resources */ = {
			isa = PBXResourcesBuildPhase;
			buildActionMask = 2147483647;
			files = (
				44A213AE19C2181A00E95C56 /* Main.storyboard in Resources */,
				44A213B019C2181A00E95C56 /* Images.xcassets in Resources */,
				44A213C619C2211000E95C56 /* IMG_8210_cropped.jpg in Resources */,
				4426864419DA0FC3009F0892 /* Screen Shot 2014-09-29 at 3.06.06 PM.png in Resources */,
			);
			runOnlyForDeploymentPostprocessing = 0;
		};
		44A213B319C2181A00E95C56 /* Resources */ = {
			isa = PBXResourcesBuildPhase;
			buildActionMask = 2147483647;
			files = (
			);
			runOnlyForDeploymentPostprocessing = 0;
		};
/* End PBXResourcesBuildPhase section */

/* Begin PBXSourcesBuildPhase section */
		44A2139F19C2181A00E95C56 /* Sources */ = {
			isa = PBXSourcesBuildPhase;
			buildActionMask = 2147483647;
			files = (
				44A213AB19C2181A00E95C56 /* ViewController.swift in Sources */,
				44A213A919C2181A00E95C56 /* AppDelegate.swift in Sources */,
			);
			runOnlyForDeploymentPostprocessing = 0;
		};
		44A213B119C2181A00E95C56 /* Sources */ = {
			isa = PBXSourcesBuildPhase;
			buildActionMask = 2147483647;
			files = (
				44A213BC19C2181A00E95C56 /* PostcardTests.swift in Sources */,
			);
			runOnlyForDeploymentPostprocessing = 0;
		};
/* End PBXSourcesBuildPhase section */

/* Begin PBXTargetDependency section */
		44A213B719C2181A00E95C56 /* PBXTargetDependency */ = {
			isa = PBXTargetDependency;
			target = 44A213A219C2181A00E95C56 /* Postcard */;
			targetProxy = 44A213B619C2181A00E95C56 /* PBXContainerItemProxy */;
		};
/* End PBXTargetDependency section */

/* Begin PBXVariantGroup section */
		44A213AC19C2181A00E95C56 /* Main.storyboard */ = {
			isa = PBXVariantGroup;
			children = (
				44A213AD19C2181A00E95C56 /* Base */,
			);
			name = Main.storyboard;
			sourceTree = "<group>";
		};
/* End PBXVariantGroup section */

/* Begin XCBuildConfiguration section */
		44A213BD19C2181B00E95C56 /* Debug */ = {
			isa = XCBuildConfiguration;
			buildSettings = {
				ALWAYS_SEARCH_USER_PATHS = NO;
				CLANG_CXX_LANGUAGE_STANDARD = "gnu++0x";
				CLANG_CXX_LIBRARY = "libc++";
				CLANG_ENABLE_MODULES = YES;
				CLANG_ENABLE_OBJC_ARC = YES;
				CLANG_WARN_BOOL_CONVERSION = YES;
				CLANG_WARN_CONSTANT_CONVERSION = YES;
				CLANG_WARN_DIRECT_OBJC_ISA_USAGE = YES_ERROR;
				CLANG_WARN_EMPTY_BODY = YES;
				CLANG_WARN_ENUM_CONVERSION = YES;
				CLANG_WARN_INT_CONVERSION = YES;
				CLANG_WARN_OBJC_ROOT_CLASS = YES_ERROR;
				CLANG_WARN_UNREACHABLE_CODE = YES;
				CLANG_WARN__DUPLICATE_METHOD_MATCH = YES;
				"CODE_SIGN_IDENTITY[sdk=iphoneos*]" = "iPhone Developer";
				COPY_PHASE_STRIP = NO;
				ENABLE_STRICT_OBJC_MSGSEND = YES;
				GCC_C_LANGUAGE_STANDARD = gnu99;
				GCC_DYNAMIC_NO_PIC = NO;
				GCC_OPTIMIZATION_LEVEL = 0;
				GCC_PREPROCESSOR_DEFINITIONS = (
					"DEBUG=1",
					"$(inherited)",
				);
				GCC_SYMBOLS_PRIVATE_EXTERN = NO;
				GCC_WARN_64_TO_32_BIT_CONVERSION = YES;
				GCC_WARN_ABOUT_RETURN_TYPE = YES_ERROR;
				GCC_WARN_UNDECLARED_SELECTOR = YES;
				GCC_WARN_UNINITIALIZED_AUTOS = YES_AGGRESSIVE;
				GCC_WARN_UNUSED_FUNCTION = YES;
				GCC_WARN_UNUSED_VARIABLE = YES;
				IPHONEOS_DEPLOYMENT_TARGET = 8.0;
				MTL_ENABLE_DEBUG_INFO = YES;
				ONLY_ACTIVE_ARCH = YES;
				SDKROOT = iphoneos;
				SWIFT_OPTIMIZATION_LEVEL = "-Onone";
			};
			name = Debug;
		};
		44A213BE19C2181B00E95C56 /* Release */ = {
			isa = XCBuildConfiguration;
			buildSettings = {
				ALWAYS_SEARCH_USER_PATHS = NO;
				CLANG_CXX_LANGUAGE_STANDARD = "gnu++0x";
				CLANG_CXX_LIBRARY = "libc++";
				CLANG_ENABLE_MODULES = YES;
				CLANG_ENABLE_OBJC_ARC = YES;
				CLANG_WARN_BOOL_CONVERSION = YES;
				CLANG_WARN_CONSTANT_CONVERSION = YES;
				CLANG_WARN_DIRECT_OBJC_ISA_USAGE = YES_ERROR;
				CLANG_WARN_EMPTY_BODY = YES;
				CLANG_WARN_ENUM_CONVERSION = YES;
				CLANG_WARN_INT_CONVERSION = YES;
				CLANG_WARN_OBJC_ROOT_CLASS = YES_ERROR;
				CLANG_WARN_UNREACHABLE_CODE = YES;
				CLANG_WARN__DUPLICATE_METHOD_MATCH = YES;
				"CODE_SIGN_IDENTITY[sdk=iphoneos*]" = "iPhone Developer";
				COPY_PHASE_STRIP = YES;
				ENABLE_NS_ASSERTIONS = NO;
				ENABLE_STRICT_OBJC_MSGSEND = YES;
				GCC_C_LANGUAGE_STANDARD = gnu99;
				GCC_WARN_64_TO_32_BIT_CONVERSION = YES;
				GCC_WARN_ABOUT_RETURN_TYPE = YES_ERROR;
				GCC_WARN_UNDECLARED_SELECTOR = YES;
				GCC_WARN_UNINITIALIZED_AUTOS = YES_AGGRESSIVE;
				GCC_WARN_UNUSED_FUNCTION = YES;
				GCC_WARN_UNUSED_VARIABLE = YES;
				IPHONEOS_DEPLOYMENT_TARGET = 8.0;
				MTL_ENABLE_DEBUG_INFO = NO;
				SDKROOT = iphoneos;
				VALIDATE_PRODUCT = YES;
			};
			name = Release;
		};
		44A213C019C2181B00E95C56 /* Debug */ = {
			isa = XCBuildConfiguration;
			buildSettings = {
				ASSETCATALOG_COMPILER_APPICON_NAME = AppIcon;
				ASSETCATALOG_COMPILER_LAUNCHIMAGE_NAME = LaunchImage;
				INFOPLIST_FILE = Postcard/Info.plist;
				LD_RUNPATH_SEARCH_PATHS = "$(inherited) @executable_path/Frameworks";
				PRODUCT_NAME = "$(TARGET_NAME)";
			};
			name = Debug;
		};
		44A213C119C2181B00E95C56 /* Release */ = {
			isa = XCBuildConfiguration;
			buildSettings = {
				ASSETCATALOG_COMPILER_APPICON_NAME = AppIcon;
				ASSETCATALOG_COMPILER_LAUNCHIMAGE_NAME = LaunchImage;
				INFOPLIST_FILE = Postcard/Info.plist;
				LD_RUNPATH_SEARCH_PATHS = "$(inherited) @executable_path/Frameworks";
				PRODUCT_NAME = "$(TARGET_NAME)";
			};
			name = Release;
		};
		44A213C319C2181B00E95C56 /* Debug */ = {
			isa = XCBuildConfiguration;
			buildSettings = {
				BUNDLE_LOADER = "$(BUILT_PRODUCTS_DIR)/Postcard.app/Postcard";
				FRAMEWORK_SEARCH_PATHS = (
					"$(SDKROOT)/Developer/Library/Frameworks",
					"$(inherited)",
				);
				GCC_PREPROCESSOR_DEFINITIONS = (
					"DEBUG=1",
					"$(inherited)",
				);
				INFOPLIST_FILE = PostcardTests/Info.plist;
				LD_RUNPATH_SEARCH_PATHS = "$(inherited) @executable_path/Frameworks @loader_path/Frameworks";
				PRODUCT_NAME = "$(TARGET_NAME)";
				TEST_HOST = "$(BUNDLE_LOADER)";
			};
			name = Debug;
		};
		44A213C419C2181B00E95C56 /* Release */ = {
			isa = XCBuildConfiguration;
			buildSettings = {
				BUNDLE_LOADER = "$(BUILT_PRODUCTS_DIR)/Postcard.app/Postcard";
				FRAMEWORK_SEARCH_PATHS = (
					"$(SDKROOT)/Developer/Library/Frameworks",
					"$(inherited)",
				);
				INFOPLIST_FILE = PostcardTests/Info.plist;
				LD_RUNPATH_SEARCH_PATHS = "$(inherited) @executable_path/Frameworks @loader_path/Frameworks";
				PRODUCT_NAME = "$(TARGET_NAME)";
				TEST_HOST = "$(BUNDLE_LOADER)";
			};
			name = Release;
		};
/* End XCBuildConfiguration section */

/* Begin XCConfigurationList section */
		44A2139E19C2181A00E95C56 /* Build configuration list for PBXProject "Postcard" */ = {
			isa = XCConfigurationList;
			buildConfigurations = (
				44A213BD19C2181B00E95C56 /* Debug */,
				44A213BE19C2181B00E95C56 /* Release */,
			);
			defaultConfigurationIsVisible = 0;
			defaultConfigurationName = Release;
		};
		44A213BF19C2181B00E95C56 /* Build configuration list for PBXNativeTarget "Postcard" */ = {
			isa = XCConfigurationList;
			buildConfigurations = (
				44A213C019C2181B00E95C56 /* Debug */,
				44A213C119C2181B00E95C56 /* Release */,
			);
			defaultConfigurationIsVisible = 0;
			defaultConfigurationName = Release;
		};
		44A213C219C2181B00E95C56 /* Build configuration list for PBXNativeTarget "PostcardTests" */ = {
			isa = XCConfigurationList;
			buildConfigurations = (
				44A213C319C2181B00E95C56 /* Debug */,
				44A213C419C2181B00E95C56 /* Release */,
			);
			defaultConfigurationIsVisible = 0;
			defaultConfigurationName = Release;
		};
/* End XCConfigurationList section */
	};
	rootObject = 44A2139B19C2181A00E95C56 /* Project object */;
}
